{
  "object": {
    "pins": [
      {
        "package": "HTMLString",
        "repositoryURL": "https://github.com/alexaubry/HTMLString",
        "state": {
          "branch": null,
          "revision": "373048cc4084dd7481c86e3bee41612eff93b14d",
          "version": "5.0.0"
        }
      },
      {
        "package": "Kwift",
        "repositoryURL": "https://github.com/kojirou1994/Kwift",
        "state": {
          "branch": null,
          "revision": "96def044db6d0793825c47161ba0b7925974ef9f",
          "version": "0.8.7"
        }
      }
    ]
  },
  "version": 1
}
